{
  "version": 4,
  "terraform_version": "1.0.10",
  "serial": 40,
  "lineage": "4a44045a-9aaa-69ae-9d8e-a821a08c46cf",
  "outputs": {},
  "resources": [
    {
      "mode": "data",
      "type": "local_file",
      "name": "event_pattern",
      "provider": "provider[\"registry.terraform.io/hashicorp/local\"]",
      "instances": [
        {
          "schema_version": 0,
          "attributes": {
            "content": "{\n    \"source\": [\"aws.ec2\"],\n    \"detail-type\": [\"AWS API Call via CloudTrail\"],\n    \"detail\": {\n      \"eventSource\": [\"ec2.amazonaws.com\"],\n      \"eventName\": [\"RunInstances\"]\n    }\n}",
            "content_base64": "ewogICAgInNvdXJjZSI6IFsiYXdzLmVjMiJdLAogICAgImRldGFpbC10eXBlIjogWyJBV1MgQVBJIENhbGwgdmlhIENsb3VkVHJhaWwiXSwKICAgICJkZXRhaWwiOiB7CiAgICAgICJldmVudFNvdXJjZSI6IFsiZWMyLmFtYXpvbmF3cy5jb20iXSwKICAgICAgImV2ZW50TmFtZSI6IFsiUnVuSW5zdGFuY2VzIl0KICAgIH0KfQ==",
            "filename": "event/event_pattern.json",
            "id": "b57944b95b952d6910ac8dcc7b57bb519ef3f498"
          },
          "sensitive_attributes": []
        }
      ]
    },
    {
      "mode": "data",
      "type": "local_file",
      "name": "lambda_assumeRole_policy",
      "provider": "provider[\"registry.terraform.io/hashicorp/local\"]",
      "instances": [
        {
          "schema_version": 0,
          "attributes": {
            "content": "{\n    \"Version\": \"2012-10-17\",\n    \"Statement\": [\n        {\n            \"Action\" : \"sts:AssumeRole\",\n            \"Principal\": {\n              \"Service\": \"lambda.amazonaws.com\"\n            },\n            \"Effect\": \"Allow\",\n            \"Sid\": \"assumeRole\"\n        }\n    ]\n}",
            "content_base64": "ewogICAgIlZlcnNpb24iOiAiMjAxMi0xMC0xNyIsCiAgICAiU3RhdGVtZW50IjogWwogICAgICAgIHsKICAgICAgICAgICAgIkFjdGlvbiIgOiAic3RzOkFzc3VtZVJvbGUiLAogICAgICAgICAgICAiUHJpbmNpcGFsIjogewogICAgICAgICAgICAgICJTZXJ2aWNlIjogImxhbWJkYS5hbWF6b25hd3MuY29tIgogICAgICAgICAgICB9LAogICAgICAgICAgICAiRWZmZWN0IjogIkFsbG93IiwKICAgICAgICAgICAgIlNpZCI6ICJhc3N1bWVSb2xlIgogICAgICAgIH0KICAgIF0KfQ==",
            "filename": "policy/lambda_assumeRole_policy.json",
            "id": "909688bff19a5a52aa2404a3b9c9e254db22c484"
          },
          "sensitive_attributes": []
        }
      ]
    },
    {
      "mode": "data",
      "type": "local_file",
      "name": "lambda_policy",
      "provider": "provider[\"registry.terraform.io/hashicorp/local\"]",
      "instances": [
        {
          "schema_version": 0,
          "attributes": {
            "content": "{\n    \"Version\": \"2012-10-17\",\n    \"Statement\": [\n        {\n            \"Effect\": \"Allow\",\n            \"Action\": \"logs:CreateLogGroup\",\n            \"Resource\": \"arn:aws:logs:ca-central-1:883353368571:*:*:*\"\n        },\n        {\n            \"Effect\": \"Allow\",\n            \"Action\": [\n                \"logs:CreateLogStream\",\n                \"logs:PutLogEvents\"\n            ],\n            \"Resource\": [\n                \"arn:aws:logs:ca-central-1:883353368571:*:*:*\"\n            ]\n        },\n        {\n            \"Effect\": \"Allow\",\n            \"Action\": [\n                \"ec2:*\"\n            ],\n            \"Resource\": [\n                \"*\"\n            ]\n        }\n    ]\n}",
            "content_base64": "ewogICAgIlZlcnNpb24iOiAiMjAxMi0xMC0xNyIsCiAgICAiU3RhdGVtZW50IjogWwogICAgICAgIHsKICAgICAgICAgICAgIkVmZmVjdCI6ICJBbGxvdyIsCiAgICAgICAgICAgICJBY3Rpb24iOiAibG9nczpDcmVhdGVMb2dHcm91cCIsCiAgICAgICAgICAgICJSZXNvdXJjZSI6ICJhcm46YXdzOmxvZ3M6Y2EtY2VudHJhbC0xOjg4MzM1MzM2ODU3MToqOio6KiIKICAgICAgICB9LAogICAgICAgIHsKICAgICAgICAgICAgIkVmZmVjdCI6ICJBbGxvdyIsCiAgICAgICAgICAgICJBY3Rpb24iOiBbCiAgICAgICAgICAgICAgICAibG9nczpDcmVhdGVMb2dTdHJlYW0iLAogICAgICAgICAgICAgICAgImxvZ3M6UHV0TG9nRXZlbnRzIgogICAgICAgICAgICBdLAogICAgICAgICAgICAiUmVzb3VyY2UiOiBbCiAgICAgICAgICAgICAgICAiYXJuOmF3czpsb2dzOmNhLWNlbnRyYWwtMTo4ODMzNTMzNjg1NzE6KjoqOioiCiAgICAgICAgICAgIF0KICAgICAgICB9LAogICAgICAgIHsKICAgICAgICAgICAgIkVmZmVjdCI6ICJBbGxvdyIsCiAgICAgICAgICAgICJBY3Rpb24iOiBbCiAgICAgICAgICAgICAgICAiZWMyOioiCiAgICAgICAgICAgIF0sCiAgICAgICAgICAgICJSZXNvdXJjZSI6IFsKICAgICAgICAgICAgICAgICIqIgogICAgICAgICAgICBdCiAgICAgICAgfQogICAgXQp9",
            "filename": "policy/lambda_policy.json",
            "id": "2b2b711ac711c8b0eb3f96687349b9a9ef6ba700"
          },
          "sensitive_attributes": []
        }
      ]
    },
    {
      "mode": "managed",
      "type": "aws_cloudwatch_event_rule",
      "name": "event_rule",
      "provider": "provider[\"registry.terraform.io/hashicorp/aws\"]",
      "instances": [
        {
          "schema_version": 0,
          "attributes": {
            "arn": "arn:aws:events:ca-central-1:883353368571:rule/launch-auto-tags",
            "description": "",
            "event_bus_name": "default",
            "event_pattern": "{\"detail\":{\"eventName\":[\"RunInstances\"],\"eventSource\":[\"ec2.amazonaws.com\"]},\"detail-type\":[\"AWS API Call via CloudTrail\"],\"source\":[\"aws.ec2\"]}",
            "id": "launch-auto-tags",
            "is_enabled": true,
            "name": "launch-auto-tags",
            "name_prefix": "",
            "role_arn": "",
            "schedule_expression": "",
            "tags": {},
            "tags_all": {}
          },
          "sensitive_attributes": [],
          "private": "bnVsbA==",
          "dependencies": [
            "data.local_file.event_pattern"
          ]
        }
      ]
    },
    {
      "mode": "managed",
      "type": "aws_cloudwatch_event_target",
      "name": "target",
      "provider": "provider[\"registry.terraform.io/hashicorp/aws\"]",
      "instances": [
        {
          "schema_version": 1,
          "attributes": {
            "arn": "arn:aws:lambda:ca-central-1:883353368571:function:tagEc2",
            "batch_target": [],
            "dead_letter_config": [],
            "ecs_target": [],
            "event_bus_name": "default",
            "http_target": [],
            "id": "launch-auto-tags-lambda",
            "input": "",
            "input_path": "",
            "input_transformer": [],
            "kinesis_target": [],
            "redshift_target": [],
            "retry_policy": [],
            "role_arn": "",
            "rule": "launch-auto-tags",
            "run_command_targets": [],
            "sqs_target": [],
            "target_id": "lambda"
          },
          "sensitive_attributes": [],
          "private": "eyJzY2hlbWFfdmVyc2lvbiI6IjEifQ==",
          "dependencies": [
            "aws_cloudwatch_event_rule.event_rule",
            "aws_iam_role.lambda_assumeRole_policy",
            "aws_lambda_function.function",
            "data.local_file.event_pattern",
            "data.local_file.lambda_assumeRole_policy"
          ]
        }
      ]
    },
    {
      "mode": "managed",
      "type": "aws_iam_role",
      "name": "lambda_assumeRole_policy",
      "provider": "provider[\"registry.terraform.io/hashicorp/aws\"]",
      "instances": [
        {
          "schema_version": 0,
          "attributes": {
            "arn": "arn:aws:iam::883353368571:role/tagEc2-Role",
            "assume_role_policy": "{\"Version\":\"2012-10-17\",\"Statement\":[{\"Sid\":\"assumeRole\",\"Effect\":\"Allow\",\"Principal\":{\"Service\":\"lambda.amazonaws.com\"},\"Action\":\"sts:AssumeRole\"}]}",
            "create_date": "2021-12-23T00:54:12Z",
            "description": "",
            "force_detach_policies": false,
            "id": "tagEc2-Role",
            "inline_policy": [
              {
                "name": "lambda_tagEc2_policy",
                "policy": "{\n    \"Version\": \"2012-10-17\",\n    \"Statement\": [\n        {\n            \"Effect\": \"Allow\",\n            \"Action\": \"logs:CreateLogGroup\",\n            \"Resource\": \"arn:aws:logs:ca-central-1:883353368571:*:*:*\"\n        },\n        {\n            \"Effect\": \"Allow\",\n            \"Action\": [\n                \"logs:CreateLogStream\",\n                \"logs:PutLogEvents\"\n            ],\n            \"Resource\": [\n                \"arn:aws:logs:ca-central-1:883353368571:*:*:*\"\n            ]\n        },\n        {\n            \"Effect\": \"Allow\",\n            \"Action\": [\n                \"ec2:*\"\n            ],\n            \"Resource\": [\n                \"*\"\n            ]\n        }\n    ]\n}"
              }
            ],
            "managed_policy_arns": [],
            "max_session_duration": 3600,
            "name": "tagEc2-Role",
            "name_prefix": "",
            "path": "/",
            "permissions_boundary": null,
            "tags": {},
            "tags_all": {},
            "unique_id": "AROA43K7WW75YDOI5AJOY"
          },
          "sensitive_attributes": [],
          "private": "bnVsbA==",
          "dependencies": [
            "data.local_file.lambda_assumeRole_policy"
          ]
        }
      ]
    },
    {
      "mode": "managed",
      "type": "aws_iam_role_policy",
      "name": "pol",
      "provider": "provider[\"registry.terraform.io/hashicorp/aws\"]",
      "instances": [
        {
          "schema_version": 0,
          "attributes": {
            "id": "tagEc2-Role:lambda_tagEc2_policy",
            "name": "lambda_tagEc2_policy",
            "name_prefix": null,
            "policy": "{\n    \"Version\": \"2012-10-17\",\n    \"Statement\": [\n        {\n            \"Effect\": \"Allow\",\n            \"Action\": \"logs:CreateLogGroup\",\n            \"Resource\": \"arn:aws:logs:ca-central-1:883353368571:*:*:*\"\n        },\n        {\n            \"Effect\": \"Allow\",\n            \"Action\": [\n                \"logs:CreateLogStream\",\n                \"logs:PutLogEvents\"\n            ],\n            \"Resource\": [\n                \"arn:aws:logs:ca-central-1:883353368571:*:*:*\"\n            ]\n        },\n        {\n            \"Effect\": \"Allow\",\n            \"Action\": [\n                \"ec2:*\"\n            ],\n            \"Resource\": [\n                \"*\"\n            ]\n        }\n    ]\n}",
            "role": "tagEc2-Role"
          },
          "sensitive_attributes": [],
          "private": "bnVsbA==",
          "dependencies": [
            "aws_iam_role.lambda_assumeRole_policy",
            "data.local_file.lambda_assumeRole_policy",
            "data.local_file.lambda_policy"
          ]
        }
      ]
    },
    {
      "mode": "managed",
      "type": "aws_lambda_function",
      "name": "function",
      "provider": "provider[\"registry.terraform.io/hashicorp/aws\"]",
      "instances": [
        {
          "schema_version": 0,
          "attributes": {
            "architectures": [],
            "arn": "arn:aws:lambda:ca-central-1:883353368571:function:tagEc2",
            "code_signing_config_arn": "",
            "dead_letter_config": [],
            "description": "",
            "environment": [
              {
                "variables": {
                  "TAG_KEY": "Owner"
                }
              }
            ],
            "file_system_config": [],
            "filename": "code/code.zip",
            "function_name": "tagEc2",
            "handler": "index.lambda_handler",
            "id": "tagEc2",
            "image_config": [],
            "image_uri": "",
            "invoke_arn": "arn:aws:apigateway:ca-central-1:lambda:path/2015-03-31/functions/arn:aws:lambda:ca-central-1:883353368571:function:tagEc2/invocations",
            "kms_key_arn": "",
            "last_modified": "2021-12-23T04:37:39.000+0000",
            "layers": [],
            "memory_size": 128,
            "package_type": "Zip",
            "publish": false,
            "qualified_arn": "arn:aws:lambda:ca-central-1:883353368571:function:tagEc2:$LATEST",
            "reserved_concurrent_executions": -1,
            "role": "arn:aws:iam::883353368571:role/tagEc2-Role",
            "runtime": "python3.9",
            "s3_bucket": null,
            "s3_key": null,
            "s3_object_version": null,
            "signing_job_arn": "",
            "signing_profile_version_arn": "",
            "source_code_hash": "58Hm3Vy8sN5miB2yzyRC7wHgYuJs57B+RKb8ranytRQ=",
            "source_code_size": 725,
            "tags": {},
            "tags_all": {},
            "timeout": 600,
            "timeouts": null,
            "tracing_config": [
              {
                "mode": "PassThrough"
              }
            ],
            "version": "$LATEST",
            "vpc_config": []
          },
          "sensitive_attributes": [],
          "private": "eyJlMmJmYjczMC1lY2FhLTExZTYtOGY4OC0zNDM2M2JjN2M0YzAiOnsiY3JlYXRlIjo2MDAwMDAwMDAwMDB9fQ==",
          "dependencies": [
            "aws_iam_role.lambda_assumeRole_policy",
            "data.local_file.lambda_assumeRole_policy"
          ]
        }
      ]
    }
  ]
}
